
Microsoft Visual Studio Solution File, Format Version 12.00
# Visual Studio 15
VisualStudioVersion = 15.0.27703.2026
MinimumVisualStudioVersion = 10.0.40219.1
Project("{E24C65DC-7377-472B-9ABA-BC803B73C61A}") = "Strona", "Strona\", "{444241D9-1B7E-468E-92C9-62D267BA4674}"
	ProjectSection(WebsiteProperties) = preProject
		TargetFrameworkMoniker = ".NETFramework,Version%3Dv4.6.1"
		Debug.AspNetCompiler.VirtualPath = "/localhost_50874"
		Debug.AspNetCompiler.PhysicalPath = "Strona\"
		Debug.AspNetCompiler.TargetPath = "PrecompiledWeb\localhost_50874\"
		Debug.AspNetCompiler.Updateable = "true"
		Debug.AspNetCompiler.ForceOverwrite = "true"
		Debug.AspNetCompiler.FixedNames = "false"
		Debug.AspNetCompiler.Debug = "True"
		Release.AspNetCompiler.VirtualPath = "/localhost_50874"
		Release.AspNetCompiler.PhysicalPath = "Strona\"
		Release.AspNetCompiler.TargetPath = "PrecompiledWeb\localhost_50874\"
		Release.AspNetCompiler.Updateable = "true"
		Release.AspNetCompiler.ForceOverwrite = "true"
		Release.AspNetCompiler.FixedNames = "false"
		Release.AspNetCompiler.Debug = "False"
		VWDPort = "50874"
		SlnRelativePath = "Strona\"
		DefaultWebSiteLanguage = "Visual C#"
	EndProjectSection
EndProject
Global
	GlobalSection(SolutionConfigurationPlatforms) = preSolution
		Debug|Any CPU = Debug|Any CPU
	EndGlobalSection
	GlobalSection(ProjectConfigurationPlatforms) = postSolution
		{444241D9-1B7E-468E-92C9-62D267BA4674}.Debug|Any CPU.ActiveCfg = Debug|Any CPU
		{444241D9-1B7E-468E-92C9-62D267BA4674}.Debug|Any CPU.Build.0 = Debug|Any CPU
	EndGlobalSection
	GlobalSection(SolutionProperties) = preSolution
		HideSolutionNode = FALSE
	EndGlobalSection
	GlobalSection(ExtensibilityGlobals) = postSolution
		SolutionGuid = {DC02D55C-E738-4287-B16E-807B1933D02F}
	EndGlobalSection
EndGlobal
